
Microsoft Visual Studio Solution File, Format Version 12.00
# Visual Studio Version 16
VisualStudioVersion = 16.0.28803.452
MinimumVisualStudioVersion = 10.0.40219.1
Project("{FAE04EC0-301F-11D3-BF4B-00C04F79EFBC}") = "Tdd.FrameworkWrappers.Lib", "Tdd.FrameworkWrappers.Lib\Tdd.FrameworkWrappers.Lib.csproj", "{8605C38E-1A4F-486F-B3EE-0F27B6A039C5}"
EndProject
Project("{FAE04EC0-301F-11D3-BF4B-00C04F79EFBC}") = "Tdd.FrameworkWrappers.Lib.Tests", "Tdd.FrameworkWrappers.Lib.Tests\Tdd.FrameworkWrappers.Lib.Tests.csproj", "{F770934C-5B77-4390-B30A-9926CCD5BEF2}"
EndProject
Global
	GlobalSection(SolutionConfigurationPlatforms) = preSolution
		Debug|Any CPU = Debug|Any CPU
		Release|Any CPU = Release|Any CPU
	EndGlobalSection
	GlobalSection(ProjectConfigurationPlatforms) = postSolution
		{8605C38E-1A4F-486F-B3EE-0F27B6A039C5}.Debug|Any CPU.ActiveCfg = Debug|Any CPU
		{8605C38E-1A4F-486F-B3EE-0F27B6A039C5}.Debug|Any CPU.Build.0 = Debug|Any CPU
		{8605C38E-1A4F-486F-B3EE-0F27B6A039C5}.Release|Any CPU.ActiveCfg = Release|Any CPU
		{8605C38E-1A4F-486F-B3EE-0F27B6A039C5}.Release|Any CPU.Build.0 = Release|Any CPU
		{F770934C-5B77-4390-B30A-9926CCD5BEF2}.Debug|Any CPU.ActiveCfg = Debug|Any CPU
		{F770934C-5B77-4390-B30A-9926CCD5BEF2}.Debug|Any CPU.Build.0 = Debug|Any CPU
		{F770934C-5B77-4390-B30A-9926CCD5BEF2}.Release|Any CPU.ActiveCfg = Release|Any CPU
		{F770934C-5B77-4390-B30A-9926CCD5BEF2}.Release|Any CPU.Build.0 = Release|Any CPU
	EndGlobalSection
	GlobalSection(SolutionProperties) = preSolution
		HideSolutionNode = FALSE
	EndGlobalSection
	GlobalSection(ExtensibilityGlobals) = postSolution
		SolutionGuid = {B22D7FF2-96C3-4DCD-846C-93F4F3CA9419}
	EndGlobalSection
EndGlobal
